
Microsoft Visual Studio Solution File, Format Version 12.00
# Visual Studio 15
VisualStudioVersion = 15.0.26730.15
MinimumVisualStudioVersion = 10.0.40219.1
Project("{FAE04EC0-301F-11D3-BF4B-00C04F79EFBC}") = "PCD2PLY", "PCD2PLY\PCD2PLY.csproj", "{055D804E-0FF5-46C1-BAC6-F89076D2213B}"
EndProject
Global
	GlobalSection(SolutionConfigurationPlatforms) = preSolution
		Debug|Any CPU = Debug|Any CPU
		Release|Any CPU = Release|Any CPU
	EndGlobalSection
	GlobalSection(ProjectConfigurationPlatforms) = postSolution
		{055D804E-0FF5-46C1-BAC6-F89076D2213B}.Debug|Any CPU.ActiveCfg = Debug|Any CPU
		{055D804E-0FF5-46C1-BAC6-F89076D2213B}.Debug|Any CPU.Build.0 = Debug|Any CPU
		{055D804E-0FF5-46C1-BAC6-F89076D2213B}.Release|Any CPU.ActiveCfg = Release|Any CPU
		{055D804E-0FF5-46C1-BAC6-F89076D2213B}.Release|Any CPU.Build.0 = Release|Any CPU
	EndGlobalSection
	GlobalSection(SolutionProperties) = preSolution
		HideSolutionNode = FALSE
	EndGlobalSection
	GlobalSection(ExtensibilityGlobals) = postSolution
		SolutionGuid = {63033479-71CE-459F-8405-22B7F0C135E2}
	EndGlobalSection
EndGlobal
